
Microsoft Visual Studio Solution File, Format Version 12.00
# Visual Studio Version 17
VisualStudioVersion = 17.12.35527.113
MinimumVisualStudioVersion = 10.0.40219.1
Project("{FAE04EC0-301F-11D3-BF4B-00C04F79EFBC}") = "SagaStateMachine.Service", "SagaStateMachine.Service\SagaStateMachine.Service.csproj", "{3CE7238C-BEB6-4BCC-A1AF-DCFC2D95CAD8}"
EndProject
Project("{FAE04EC0-301F-11D3-BF4B-00C04F79EFBC}") = "Shared", "Shared\Shared.csproj", "{0F3C26CB-330C-4C68-BB1D-492EB6B1CEF1}"
EndProject
Project("{FAE04EC0-301F-11D3-BF4B-00C04F79EFBC}") = "Order.API", "Order.API\Order.API.csproj", "{ACF70F57-51E8-4638-9EE3-BEBF5135E6D5}"
EndProject
Project("{FAE04EC0-301F-11D3-BF4B-00C04F79EFBC}") = "Stock.API", "Stock.API\Stock.API.csproj", "{2C89DB0C-0374-458D-9F6E-D7FBB0363340}"
EndProject
Project("{FAE04EC0-301F-11D3-BF4B-00C04F79EFBC}") = "Payment.API", "Payment.API\Payment.API.csproj", "{30402124-9320-49A3-AB51-5D6EAC1DA598}"
EndProject
Global
	GlobalSection(SolutionConfigurationPlatforms) = preSolution
		Debug|Any CPU = Debug|Any CPU
		Release|Any CPU = Release|Any CPU
	EndGlobalSection
	GlobalSection(ProjectConfigurationPlatforms) = postSolution
		{3CE7238C-BEB6-4BCC-A1AF-DCFC2D95CAD8}.Debug|Any CPU.ActiveCfg = Debug|Any CPU
		{3CE7238C-BEB6-4BCC-A1AF-DCFC2D95CAD8}.Debug|Any CPU.Build.0 = Debug|Any CPU
		{3CE7238C-BEB6-4BCC-A1AF-DCFC2D95CAD8}.Release|Any CPU.ActiveCfg = Release|Any CPU
		{3CE7238C-BEB6-4BCC-A1AF-DCFC2D95CAD8}.Release|Any CPU.Build.0 = Release|Any CPU
		{0F3C26CB-330C-4C68-BB1D-492EB6B1CEF1}.Debug|Any CPU.ActiveCfg = Debug|Any CPU
		{0F3C26CB-330C-4C68-BB1D-492EB6B1CEF1}.Debug|Any CPU.Build.0 = Debug|Any CPU
		{0F3C26CB-330C-4C68-BB1D-492EB6B1CEF1}.Release|Any CPU.ActiveCfg = Release|Any CPU
		{0F3C26CB-330C-4C68-BB1D-492EB6B1CEF1}.Release|Any CPU.Build.0 = Release|Any CPU
		{ACF70F57-51E8-4638-9EE3-BEBF5135E6D5}.Debug|Any CPU.ActiveCfg = Debug|Any CPU
		{ACF70F57-51E8-4638-9EE3-BEBF5135E6D5}.Debug|Any CPU.Build.0 = Debug|Any CPU
		{ACF70F57-51E8-4638-9EE3-BEBF5135E6D5}.Release|Any CPU.ActiveCfg = Release|Any CPU
		{ACF70F57-51E8-4638-9EE3-BEBF5135E6D5}.Release|Any CPU.Build.0 = Release|Any CPU
		{2C89DB0C-0374-458D-9F6E-D7FBB0363340}.Debug|Any CPU.ActiveCfg = Debug|Any CPU
		{2C89DB0C-0374-458D-9F6E-D7FBB0363340}.Debug|Any CPU.Build.0 = Debug|Any CPU
		{2C89DB0C-0374-458D-9F6E-D7FBB0363340}.Release|Any CPU.ActiveCfg = Release|Any CPU
		{2C89DB0C-0374-458D-9F6E-D7FBB0363340}.Release|Any CPU.Build.0 = Release|Any CPU
		{30402124-9320-49A3-AB51-5D6EAC1DA598}.Debug|Any CPU.ActiveCfg = Debug|Any CPU
		{30402124-9320-49A3-AB51-5D6EAC1DA598}.Debug|Any CPU.Build.0 = Debug|Any CPU
		{30402124-9320-49A3-AB51-5D6EAC1DA598}.Release|Any CPU.ActiveCfg = Release|Any CPU
		{30402124-9320-49A3-AB51-5D6EAC1DA598}.Release|Any CPU.Build.0 = Release|Any CPU
	EndGlobalSection
	GlobalSection(SolutionProperties) = preSolution
		HideSolutionNode = FALSE
	EndGlobalSection
EndGlobal
